
Microsoft Visual Studio Solution File, Format Version 12.00
# Visual Studio Version 17
VisualStudioVersion = 17.10.35122.118
MinimumVisualStudioVersion = 10.0.40219.1
Project("{FAE04EC0-301F-11D3-BF4B-00C04F79EFBC}") = "scripting ejercicios diagnosticos", "scripting ejercicios diagnosticos\scripting ejercicios diagnosticos.csproj", "{2DC2A317-9D8E-4D70-9E71-9B3264D266BC}"
EndProject
Global
	GlobalSection(SolutionConfigurationPlatforms) = preSolution
		Debug|Any CPU = Debug|Any CPU
		Release|Any CPU = Release|Any CPU
	EndGlobalSection
	GlobalSection(ProjectConfigurationPlatforms) = postSolution
		{2DC2A317-9D8E-4D70-9E71-9B3264D266BC}.Debug|Any CPU.ActiveCfg = Debug|Any CPU
		{2DC2A317-9D8E-4D70-9E71-9B3264D266BC}.Debug|Any CPU.Build.0 = Debug|Any CPU
		{2DC2A317-9D8E-4D70-9E71-9B3264D266BC}.Release|Any CPU.ActiveCfg = Release|Any CPU
		{2DC2A317-9D8E-4D70-9E71-9B3264D266BC}.Release|Any CPU.Build.0 = Release|Any CPU
	EndGlobalSection
	GlobalSection(SolutionProperties) = preSolution
		HideSolutionNode = FALSE
	EndGlobalSection
	GlobalSection(ExtensibilityGlobals) = postSolution
		SolutionGuid = {86EB998E-E155-4ED0-9DFF-2BE231146A05}
	EndGlobalSection
EndGlobal
